
Microsoft Visual Studio Solution File, Format Version 12.00
# Visual Studio 15
VisualStudioVersion = 15.0.28307.329
MinimumVisualStudioVersion = 10.0.40219.1
Project("{8BC9CEB8-8B4A-11D0-8D11-00A0C91BC942}") = "GBARunner2", "GBARunner2.vcxproj", "{97EADF27-F900-454C-B731-07C92F4CD1A4}"
EndProject
Project("{8BC9CEB8-8B4A-11D0-8D11-00A0C91BC942}") = "arm7", "arm7\arm7.vcxproj", "{C2556BB9-10DE-4A1B-9472-E7882B7DEDC2}"
EndProject
Project("{8BC9CEB8-8B4A-11D0-8D11-00A0C91BC942}") = "arm9", "arm9\arm9.vcxproj", "{D2B0AC18-9989-4A4C-BC73-E3CF199D35EF}"
EndProject
Global
	GlobalSection(SolutionConfigurationPlatforms) = preSolution
		IS-NITRO|x64 = IS-NITRO|x64
		IS-NITRO|x86 = IS-NITRO|x86
		Retail|x64 = Retail|x64
		Retail|x86 = Retail|x86
	EndGlobalSection
	GlobalSection(ProjectConfigurationPlatforms) = postSolution
		{97EADF27-F900-454C-B731-07C92F4CD1A4}.IS-NITRO|x64.ActiveCfg = IS-NITRO|x64
		{97EADF27-F900-454C-B731-07C92F4CD1A4}.IS-NITRO|x64.Build.0 = IS-NITRO|x64
		{97EADF27-F900-454C-B731-07C92F4CD1A4}.IS-NITRO|x86.ActiveCfg = IS-NITRO|Win32
		{97EADF27-F900-454C-B731-07C92F4CD1A4}.IS-NITRO|x86.Build.0 = IS-NITRO|Win32
		{97EADF27-F900-454C-B731-07C92F4CD1A4}.Retail|x64.ActiveCfg = Retail|x64
		{97EADF27-F900-454C-B731-07C92F4CD1A4}.Retail|x64.Build.0 = Retail|x64
		{97EADF27-F900-454C-B731-07C92F4CD1A4}.Retail|x86.ActiveCfg = Retail|Win32
		{97EADF27-F900-454C-B731-07C92F4CD1A4}.Retail|x86.Build.0 = Retail|Win32
		{C2556BB9-10DE-4A1B-9472-E7882B7DEDC2}.IS-NITRO|x64.ActiveCfg = IS-NITRO|x64
		{C2556BB9-10DE-4A1B-9472-E7882B7DEDC2}.IS-NITRO|x64.Build.0 = IS-NITRO|x64
		{C2556BB9-10DE-4A1B-9472-E7882B7DEDC2}.IS-NITRO|x86.ActiveCfg = IS-NITRO|Win32
		{C2556BB9-10DE-4A1B-9472-E7882B7DEDC2}.IS-NITRO|x86.Build.0 = IS-NITRO|Win32
		{C2556BB9-10DE-4A1B-9472-E7882B7DEDC2}.Retail|x64.ActiveCfg = Retail|x64
		{C2556BB9-10DE-4A1B-9472-E7882B7DEDC2}.Retail|x64.Build.0 = Retail|x64
		{C2556BB9-10DE-4A1B-9472-E7882B7DEDC2}.Retail|x86.ActiveCfg = Retail|Win32
		{C2556BB9-10DE-4A1B-9472-E7882B7DEDC2}.Retail|x86.Build.0 = Retail|Win32
		{D2B0AC18-9989-4A4C-BC73-E3CF199D35EF}.IS-NITRO|x64.ActiveCfg = IS-NITRO|x64
		{D2B0AC18-9989-4A4C-BC73-E3CF199D35EF}.IS-NITRO|x64.Build.0 = IS-NITRO|x64
		{D2B0AC18-9989-4A4C-BC73-E3CF199D35EF}.IS-NITRO|x86.ActiveCfg = IS-NITRO|Win32
		{D2B0AC18-9989-4A4C-BC73-E3CF199D35EF}.IS-NITRO|x86.Build.0 = IS-NITRO|Win32
		{D2B0AC18-9989-4A4C-BC73-E3CF199D35EF}.Retail|x64.ActiveCfg = Retail|x64
		{D2B0AC18-9989-4A4C-BC73-E3CF199D35EF}.Retail|x64.Build.0 = Retail|x64
		{D2B0AC18-9989-4A4C-BC73-E3CF199D35EF}.Retail|x86.ActiveCfg = Retail|Win32
		{D2B0AC18-9989-4A4C-BC73-E3CF199D35EF}.Retail|x86.Build.0 = Retail|Win32
	EndGlobalSection
	GlobalSection(SolutionProperties) = preSolution
		HideSolutionNode = FALSE
	EndGlobalSection
	GlobalSection(ExtensibilityGlobals) = postSolution
		SolutionGuid = {1924D32E-3A2A-4220-9F53-E75448E7D4B9}
	EndGlobalSection
EndGlobal
