<?xml version="1.0" encoding="utf-8"?>
<Project ToolsVersion="4.0" xmlns="http://schemas.microsoft.com/developer/msbuild/2003">
  <ItemGroup>
    <Filter Include="Source Files">
      <UniqueIdentifier>{4FC737F1-C7A5-4376-A066-2A32D752A2FF}</UniqueIdentifier>
      <Extensions>cpp;c;cc;cxx;def;odl;idl;hpj;bat;asm;asmx</Extensions>
    </Filter>
    <Filter Include="Header Files">
      <UniqueIdentifier>{93995380-89BD-4b04-88EB-625FBE52EBFB}</UniqueIdentifier>
      <Extensions>h;hh;hpp;hxx;hm;inl;inc;xsd</Extensions>
    </Filter>
    <Filter Include="Resource Files">
      <UniqueIdentifier>{67DA6AB6-F800-4c08-8B7A-83BB121AAD01}</UniqueIdentifier>
      <Extensions>rc;ico;cur;bmp;dlg;rc2;rct;bin;rgs;gif;jpg;jpeg;jpe;resx;tiff;tif;png;wav</Extensions>
    </Filter>
  </ItemGroup>
  <ItemGroup>
    <ClCompile Include="source\dldi_handler.cpp">
      <Filter>Source Files</Filter>
    </ClCompile>
    <ClCompile Include="source\main.cpp">
      <Filter>Source Files</Filter>
    </ClCompile>
    <ClCompile Include="source\save.cpp">
      <Filter>Source Files</Filter>
    </ClCompile>
    <ClCompile Include="source\sound.cpp">
      <Filter>Source Files</Filter>
    </ClCompile>
    <ClCompile Include="source\gbsound.cpp">
      <Filter>Source Files</Filter>
    </ClCompile>
    <ClCompile Include="source\wifi\spi.cpp">
      <Filter>Source Files</Filter>
    </ClCompile>
    <ClCompile Include="source\wifi\wifi.cpp">
      <Filter>Source Files</Filter>
    </ClCompile>
    <ClCompile Include="source\wifi\wifi_bb.cpp">
      <Filter>Source Files</Filter>
    </ClCompile>
    <ClCompile Include="source\wifi\wifi_flash.cpp">
      <Filter>Source Files</Filter>
    </ClCompile>
    <ClCompile Include="source\wifi\wifi_mac.cpp">
      <Filter>Source Files</Filter>
    </ClCompile>
    <ClCompile Include="source\wifi\wifi_rf.cpp">
      <Filter>Source Files</Filter>
    </ClCompile>
    <ClCompile Include="source\wifi\wifi_rx.cpp">
      <Filter>Source Files</Filter>
    </ClCompile>
    <ClCompile Include="source\wifi\wifi_tx.cpp">
      <Filter>Source Files</Filter>
    </ClCompile>
    <ClCompile Include="source\sio\sio.cpp">
      <Filter>Source Files</Filter>
    </ClCompile>
    <ClCompile Include="source\sio\sio_multi.cpp">
      <Filter>Source Files</Filter>
    </ClCompile>
  </ItemGroup>
  <ItemGroup>
    <ClInclude Include="source\dldi_handler.h">
      <Filter>Header Files</Filter>
    </ClInclude>
    <ClInclude Include="source\fifo.h">
      <Filter>Header Files</Filter>
    </ClInclude>
    <ClInclude Include="source\lock.h">
      <Filter>Header Files</Filter>
    </ClInclude>
    <ClInclude Include="source\save.h">
      <Filter>Header Files</Filter>
    </ClInclude>
    <ClInclude Include="source\sound.h">
      <Filter>Header Files</Filter>
    </ClInclude>
    <ClInclude Include="source\timer.h">
      <Filter>Header Files</Filter>
    </ClInclude>
    <ClInclude Include="source\gbsound.h">
      <Filter>Header Files</Filter>
    </ClInclude>
    <ClInclude Include="source\irq.h">
      <Filter>Header Files</Filter>
    </ClInclude>
    <ClInclude Include="source\wifi\nvram.h">
      <Filter>Header Files</Filter>
    </ClInclude>
    <ClInclude Include="source\wifi\spi.h">
      <Filter>Header Files</Filter>
    </ClInclude>
    <ClInclude Include="source\wifi\wifi.h">
      <Filter>Header Files</Filter>
    </ClInclude>
    <ClInclude Include="source\wifi\wifi_bb.h">
      <Filter>Header Files</Filter>
    </ClInclude>
    <ClInclude Include="source\wifi\wifi_common.h">
      <Filter>Header Files</Filter>
    </ClInclude>
    <ClInclude Include="source\wifi\wifi_flash.h">
      <Filter>Header Files</Filter>
    </ClInclude>
    <ClInclude Include="source\wifi\wifi_rf.h">
      <Filter>Header Files</Filter>
    </ClInclude>
    <ClInclude Include="source\wifi\wifi_rx.h">
      <Filter>Header Files</Filter>
    </ClInclude>
    <ClInclude Include="source\wifi\wifi_tx.h">
      <Filter>Header Files</Filter>
    </ClInclude>
    <ClInclude Include="source\sio\sio.h">
      <Filter>Header Files</Filter>
    </ClInclude>
    <ClInclude Include="source\sio\sio_multi.h">
      <Filter>Header Files</Filter>
    </ClInclude>
  </ItemGroup>
  <ItemGroup>
    <None Include="source\dldi.s" />
    <None Include="source\irq.s" />
    <None Include="source\lock.s" />
    <None Include="crt0\ds_gbarunner_arm7_crt0.s" />
    <None Include="Makefile" />
    <None Include="ds_arm7_gbarunner.ld" />
    <None Include="ds_arm7_gbarunner.specs" />
  </ItemGroup>
</Project>